// !$*UTF8*$!
{
	archiveVersion = 1;
	classes = {
	};
	objectVersion = 48;
	objects = {

/* Begin PBXBuildFile section */
		25D34481CD431083499DA8CD /* Pods_blockviewTests.framework in Frameworks */ = {isa = PBXBuildFile; fileRef = 6AF21F2615D6479527CEDBB6 /* Pods_blockviewTests.framework */; };
		621790FD40245D7D569ECEEA /* Pods_blockview.framework in Frameworks */ = {isa = PBXBuildFile; fileRef = 33F9953134B00710D7ADBA09 /* Pods_blockview.framework */; };
		B02DD0DF2109702100D40413 /* Button.swift in Sources */ = {isa = PBXBuildFile; fileRef = B02DD0B72109701C00D40413 /* Button.swift */; };
		B02DD0E02109702100D40413 /* DateFormatter.swift in Sources */ = {isa = PBXBuildFile; fileRef = B02DD0B82109701D00D40413 /* DateFormatter.swift */; };
		B02DD0E12109702100D40413 /* WalletSectionHeader.swift in Sources */ = {isa = PBXBuildFile; fileRef = B02DD0B92109701D00D40413 /* WalletSectionHeader.swift */; };
		B02DD0E22109702100D40413 /* WalletRowCell.swift in Sources */ = {isa = PBXBuildFile; fileRef = B02DD0BA2109701D00D40413 /* WalletRowCell.swift */; };
		B02DD0E32109702100D40413 /* MetadataTitleRowItemCell.swift in Sources */ = {isa = PBXBuildFile; fileRef = B02DD0BB2109701D00D40413 /* MetadataTitleRowItemCell.swift */; };
		B02DD0E42109702100D40413 /* WalletDetailHeaderView.swift in Sources */ = {isa = PBXBuildFile; fileRef = B02DD0BC2109701D00D40413 /* WalletDetailHeaderView.swift */; };
		B02DD0E52109702100D40413 /* DummyData.swift in Sources */ = {isa = PBXBuildFile; fileRef = B02DD0BD2109701D00D40413 /* DummyData.swift */; };
		B02DD0E62109702100D40413 /* QRDispalyViewController.swift in Sources */ = {isa = PBXBuildFile; fileRef = B02DD0BE2109701D00D40413 /* QRDispalyViewController.swift */; };
		B02DD0E72109702100D40413 /* WalletsViewController.swift in Sources */ = {isa = PBXBuildFile; fileRef = B02DD0BF2109701D00D40413 /* WalletsViewController.swift */; };
		B02DD0E82109702100D40413 /* WalletDetailPresenter.swift in Sources */ = {isa = PBXBuildFile; fileRef = B02DD0C02109701D00D40413 /* WalletDetailPresenter.swift */; };
		B02DD0E92109702100D40413 /* WalletCoordinator.swift in Sources */ = {isa = PBXBuildFile; fileRef = B02DD0C12109701D00D40413 /* WalletCoordinator.swift */; };
		B02DD0EA2109702100D40413 /* WalletDetailShowMoreResultsFooterView.swift in Sources */ = {isa = PBXBuildFile; fileRef = B02DD0C22109701D00D40413 /* WalletDetailShowMoreResultsFooterView.swift */; };
		B02DD0EB2109702100D40413 /* WalletDetailRowItemCell.swift in Sources */ = {isa = PBXBuildFile; fileRef = B02DD0C32109701D00D40413 /* WalletDetailRowItemCell.swift */; };
		B02DD0EC2109702100D40413 /* TableLoadingView.swift in Sources */ = {isa = PBXBuildFile; fileRef = B02DD0C42109701E00D40413 /* TableLoadingView.swift */; };
		B02DD0ED2109702100D40413 /* TransactionTableSectionController.swift in Sources */ = {isa = PBXBuildFile; fileRef = B02DD0C52109701E00D40413 /* TransactionTableSectionController.swift */; };
		B02DD0EE2109702100D40413 /* MetadataTitleTableSectionController.swift in Sources */ = {isa = PBXBuildFile; fileRef = B02DD0C62109701E00D40413 /* MetadataTitleTableSectionController.swift */; };
		B02DD0EF2109702100D40413 /* UIAlertController.swift in Sources */ = {isa = PBXBuildFile; fileRef = B02DD0C72109701E00D40413 /* UIAlertController.swift */; };
		B02DD0F02109702100D40413 /* MetadataAddressTableSectionController.swift in Sources */ = {isa = PBXBuildFile; fileRef = B02DD0C82109701E00D40413 /* MetadataAddressTableSectionController.swift */; };
		B02DD0F12109702100D40413 /* MetadataTransactionSegmentTableSectionController.swift in Sources */ = {isa = PBXBuildFile; fileRef = B02DD0C92109701E00D40413 /* MetadataTransactionSegmentTableSectionController.swift */; };
		B02DD0F22109702100D40413 /* ScannerViewController.swift in Sources */ = {isa = PBXBuildFile; fileRef = B02DD0CA2109701E00D40413 /* ScannerViewController.swift */; };
		B02DD0F32109702100D40413 /* WalletExtensions.swift in Sources */ = {isa = PBXBuildFile; fileRef = B02DD0CB2109701E00D40413 /* WalletExtensions.swift */; };
		B02DD0F42109702100D40413 /* WalletControllerFactory.swift in Sources */ = {isa = PBXBuildFile; fileRef = B02DD0CC2109701E00D40413 /* WalletControllerFactory.swift */; };
		B02DD0F52109702100D40413 /* AppDelegate.swift in Sources */ = {isa = PBXBuildFile; fileRef = B02DD0CD2109701E00D40413 /* AppDelegate.swift */; };
		B02DD0F62109702100D40413 /* LoadableProps.swift in Sources */ = {isa = PBXBuildFile; fileRef = B02DD0CE2109701E00D40413 /* LoadableProps.swift */; };
		B02DD0F72109702100D40413 /* TransactionSegmentDetailViewController.swift in Sources */ = {isa = PBXBuildFile; fileRef = B02DD0CF2109701F00D40413 /* TransactionSegmentDetailViewController.swift */; };
		B02DD0F82109702100D40413 /* WalletEmptyStateView.swift in Sources */ = {isa = PBXBuildFile; fileRef = B02DD0D02109701F00D40413 /* WalletEmptyStateView.swift */; };
		B02DD0F92109702100D40413 /* Date.swift in Sources */ = {isa = PBXBuildFile; fileRef = B02DD0D12109701F00D40413 /* Date.swift */; };
		B02DD0FA2109702100D40413 /* TransactionDetailPresenter.swift in Sources */ = {isa = PBXBuildFile; fileRef = B02DD0D22109701F00D40413 /* TransactionDetailPresenter.swift */; };
		B02DD0FB2109702100D40413 /* StyleConstants.swift in Sources */ = {isa = PBXBuildFile; fileRef = B02DD0D32109701F00D40413 /* StyleConstants.swift */; };
		B02DD0FC2109702100D40413 /* UIColor.swift in Sources */ = {isa = PBXBuildFile; fileRef = B02DD0D42109701F00D40413 /* UIColor.swift */; };
		B02DD0FD2109702100D40413 /* TransactionExtensions.swift in Sources */ = {isa = PBXBuildFile; fileRef = B02DD0D52109701F00D40413 /* TransactionExtensions.swift */; };
		B02DD0FE2109702100D40413 /* WalletsPresenter.swift in Sources */ = {isa = PBXBuildFile; fileRef = B02DD0D62109702000D40413 /* WalletsPresenter.swift */; };
		B02DD0FF2109702100D40413 /* MetadataTableSectionFactory.swift in Sources */ = {isa = PBXBuildFile; fileRef = B02DD0D72109702000D40413 /* MetadataTableSectionFactory.swift */; };
		B02DD1002109702100D40413 /* WalletDetailViewController.swift in Sources */ = {isa = PBXBuildFile; fileRef = B02DD0D82109702000D40413 /* WalletDetailViewController.swift */; };
		B02DD1022109702100D40413 /* PropsUpdating.swift in Sources */ = {isa = PBXBuildFile; fileRef = B02DD0DA2109702000D40413 /* PropsUpdating.swift */; };
		B02DD1032109702100D40413 /* qr_animation.json in Resources */ = {isa = PBXBuildFile; fileRef = B02DD0DB2109702000D40413 /* qr_animation.json */; };
		B02DD1042109702100D40413 /* SectionProxyTableViewController.swift in Sources */ = {isa = PBXBuildFile; fileRef = B02DD0DC2109702000D40413 /* SectionProxyTableViewController.swift */; };
		B02DD1052109702100D40413 /* String.swift in Sources */ = {isa = PBXBuildFile; fileRef = B02DD0DD2109702000D40413 /* String.swift */; };
		B02DD1062109702100D40413 /* TransactionDetailViewController.swift in Sources */ = {isa = PBXBuildFile; fileRef = B02DD0DE2109702100D40413 /* TransactionDetailViewController.swift */; };
		B02DD113210971A300D40413 /* WalletCurrency.swift in Sources */ = {isa = PBXBuildFile; fileRef = B02DD10A210971A200D40413 /* WalletCurrency.swift */; };
		B02DD114210971A300D40413 /* Input.swift in Sources */ = {isa = PBXBuildFile; fileRef = B02DD10B210971A200D40413 /* Input.swift */; };
		B02DD115210971A300D40413 /* UrlFactory.swift in Sources */ = {isa = PBXBuildFile; fileRef = B02DD10C210971A200D40413 /* UrlFactory.swift */; };
		B02DD116210971A300D40413 /* Output.swift in Sources */ = {isa = PBXBuildFile; fileRef = B02DD10D210971A200D40413 /* Output.swift */; };
		B02DD117210971A300D40413 /* JSONDecoder.DateDecodingStrategy.swift in Sources */ = {isa = PBXBuildFile; fileRef = B02DD10E210971A200D40413 /* JSONDecoder.DateDecodingStrategy.swift */; };
		B02DD118210971A300D40413 /* Wallet.swift in Sources */ = {isa = PBXBuildFile; fileRef = B02DD10F210971A200D40413 /* Wallet.swift */; };
		B02DD119210971A300D40413 /* Transaction.swift in Sources */ = {isa = PBXBuildFile; fileRef = B02DD110210971A300D40413 /* Transaction.swift */; };
		B02DD11A210971A300D40413 /* Int.swift in Sources */ = {isa = PBXBuildFile; fileRef = B02DD111210971A300D40413 /* Int.swift */; };
		B02DD11B210971A300D40413 /* WalletService.swift in Sources */ = {isa = PBXBuildFile; fileRef = B02DD112210971A300D40413 /* WalletService.swift */; };
		B032874A210B940500140279 /* MetadataActionTableSectionController.swift in Sources */ = {isa = PBXBuildFile; fileRef = B0328749210B940500140279 /* MetadataActionTableSectionController.swift */; };
		B032874C210CD2C700140279 /* OnboardingInformationViewController.swift in Sources */ = {isa = PBXBuildFile; fileRef = B032874B210CD2C700140279 /* OnboardingInformationViewController.swift */; };
		B032874E210CD2EE00140279 /* OnboardItemView.swift in Sources */ = {isa = PBXBuildFile; fileRef = B032874D210CD2EE00140279 /* OnboardItemView.swift */; };
		B0943753204919A200AF36D0 /* LaunchScreen.storyboard in Resources */ = {isa = PBXBuildFile; fileRef = B0943751204919A200AF36D0 /* LaunchScreen.storyboard */; };
		B094375E204919A200AF36D0 /* blockviewTests.swift in Sources */ = {isa = PBXBuildFile; fileRef = B094375D204919A200AF36D0 /* blockviewTests.swift */; };
		B0943769204919A200AF36D0 /* blockviewUITests.swift in Sources */ = {isa = PBXBuildFile; fileRef = B0943768204919A200AF36D0 /* blockviewUITests.swift */; };
		B0B78A8E20FBD7AA0012FD05 /* Assets.xcassets in Resources */ = {isa = PBXBuildFile; fileRef = B0B78A8D20FBD7AA0012FD05 /* Assets.xcassets */; };
		B0D9298D210E988800CE89CB /* ConfettiView.swift in Sources */ = {isa = PBXBuildFile; fileRef = B0D9298C210E988800CE89CB /* ConfettiView.swift */; };
		B0D9298F210E9EA000CE89CB /* DonateView.swift in Sources */ = {isa = PBXBuildFile; fileRef = B0D9298E210E9EA000CE89CB /* DonateView.swift */; };
		B0D92991210E9EF000CE89CB /* DonateViewController.swift in Sources */ = {isa = PBXBuildFile; fileRef = B0D92990210E9EF000CE89CB /* DonateViewController.swift */; };
		B0D92993210E9F4E00CE89CB /* ClosureProxy.swift in Sources */ = {isa = PBXBuildFile; fileRef = B0D92992210E9F4E00CE89CB /* ClosureProxy.swift */; };
		B999799E11C88AAD22ACB237 /* Pods_blockviewUITests.framework in Frameworks */ = {isa = PBXBuildFile; fileRef = 1EB8EEAAF2E9CCB2BD8A8D8A /* Pods_blockviewUITests.framework */; };
/* End PBXBuildFile section */

/* Begin PBXContainerItemProxy section */
		B094375A204919A200AF36D0 /* PBXContainerItemProxy */ = {
			isa = PBXContainerItemProxy;
			containerPortal = B094373D204919A200AF36D0 /* Project object */;
			proxyType = 1;
			remoteGlobalIDString = B0943744204919A200AF36D0;
			remoteInfo = blockview;
		};
		B0943765204919A200AF36D0 /* PBXContainerItemProxy */ = {
			isa = PBXContainerItemProxy;
			containerPortal = B094373D204919A200AF36D0 /* Project object */;
			proxyType = 1;
			remoteGlobalIDString = B0943744204919A200AF36D0;
			remoteInfo = blockview;
		};
/* End PBXContainerItemProxy section */

/* Begin PBXFileReference section */
		1B8A6DD3B55B1DD7A4843222 /* Pods-blockviewUITests.release.xcconfig */ = {isa = PBXFileReference; includeInIndex = 1; lastKnownFileType = text.xcconfig; name = "Pods-blockviewUITests.release.xcconfig"; path = "Pods/Target Support Files/Pods-blockviewUITests/Pods-blockviewUITests.release.xcconfig"; sourceTree = "<group>"; };
		1EB8EEAAF2E9CCB2BD8A8D8A /* Pods_blockviewUITests.framework */ = {isa = PBXFileReference; explicitFileType = wrapper.framework; includeInIndex = 0; path = Pods_blockviewUITests.framework; sourceTree = BUILT_PRODUCTS_DIR; };
		33F9953134B00710D7ADBA09 /* Pods_blockview.framework */ = {isa = PBXFileReference; explicitFileType = wrapper.framework; includeInIndex = 0; path = Pods_blockview.framework; sourceTree = BUILT_PRODUCTS_DIR; };
		3413BE8C2A4A0E68274F73EF /* Pods-blockview.release.xcconfig */ = {isa = PBXFileReference; includeInIndex = 1; lastKnownFileType = text.xcconfig; name = "Pods-blockview.release.xcconfig"; path = "Pods/Target Support Files/Pods-blockview/Pods-blockview.release.xcconfig"; sourceTree = "<group>"; };
		50647ED5B2022790858F90FE /* Pods-blockview.debug.xcconfig */ = {isa = PBXFileReference; includeInIndex = 1; lastKnownFileType = text.xcconfig; name = "Pods-blockview.debug.xcconfig"; path = "Pods/Target Support Files/Pods-blockview/Pods-blockview.debug.xcconfig"; sourceTree = "<group>"; };
		66B81A9A00A574E66C8E868F /* Pods-blockviewUITests.debug.xcconfig */ = {isa = PBXFileReference; includeInIndex = 1; lastKnownFileType = text.xcconfig; name = "Pods-blockviewUITests.debug.xcconfig"; path = "Pods/Target Support Files/Pods-blockviewUITests/Pods-blockviewUITests.debug.xcconfig"; sourceTree = "<group>"; };
		6AF21F2615D6479527CEDBB6 /* Pods_blockviewTests.framework */ = {isa = PBXFileReference; explicitFileType = wrapper.framework; includeInIndex = 0; path = Pods_blockviewTests.framework; sourceTree = BUILT_PRODUCTS_DIR; };
		B02DD0B72109701C00D40413 /* Button.swift */ = {isa = PBXFileReference; fileEncoding = 4; lastKnownFileType = sourcecode.swift; path = Button.swift; sourceTree = "<group>"; };
		B02DD0B82109701D00D40413 /* DateFormatter.swift */ = {isa = PBXFileReference; fileEncoding = 4; lastKnownFileType = sourcecode.swift; path = DateFormatter.swift; sourceTree = "<group>"; };
		B02DD0B92109701D00D40413 /* WalletSectionHeader.swift */ = {isa = PBXFileReference; fileEncoding = 4; lastKnownFileType = sourcecode.swift; path = WalletSectionHeader.swift; sourceTree = "<group>"; };
		B02DD0BA2109701D00D40413 /* WalletRowCell.swift */ = {isa = PBXFileReference; fileEncoding = 4; lastKnownFileType = sourcecode.swift; path = WalletRowCell.swift; sourceTree = "<group>"; };
		B02DD0BB2109701D00D40413 /* MetadataTitleRowItemCell.swift */ = {isa = PBXFileReference; fileEncoding = 4; lastKnownFileType = sourcecode.swift; path = MetadataTitleRowItemCell.swift; sourceTree = "<group>"; };
		B02DD0BC2109701D00D40413 /* WalletDetailHeaderView.swift */ = {isa = PBXFileReference; fileEncoding = 4; lastKnownFileType = sourcecode.swift; path = WalletDetailHeaderView.swift; sourceTree = "<group>"; };
		B02DD0BD2109701D00D40413 /* DummyData.swift */ = {isa = PBXFileReference; fileEncoding = 4; lastKnownFileType = sourcecode.swift; path = DummyData.swift; sourceTree = "<group>"; };
		B02DD0BE2109701D00D40413 /* QRDispalyViewController.swift */ = {isa = PBXFileReference; fileEncoding = 4; lastKnownFileType = sourcecode.swift; path = QRDispalyViewController.swift; sourceTree = "<group>"; };
		B02DD0BF2109701D00D40413 /* WalletsViewController.swift */ = {isa = PBXFileReference; fileEncoding = 4; lastKnownFileType = sourcecode.swift; path = WalletsViewController.swift; sourceTree = "<group>"; };
		B02DD0C02109701D00D40413 /* WalletDetailPresenter.swift */ = {isa = PBXFileReference; fileEncoding = 4; lastKnownFileType = sourcecode.swift; path = WalletDetailPresenter.swift; sourceTree = "<group>"; };
		B02DD0C12109701D00D40413 /* WalletCoordinator.swift */ = {isa = PBXFileReference; fileEncoding = 4; lastKnownFileType = sourcecode.swift; path = WalletCoordinator.swift; sourceTree = "<group>"; };
		B02DD0C22109701D00D40413 /* WalletDetailShowMoreResultsFooterView.swift */ = {isa = PBXFileReference; fileEncoding = 4; lastKnownFileType = sourcecode.swift; path = WalletDetailShowMoreResultsFooterView.swift; sourceTree = "<group>"; };
		B02DD0C32109701D00D40413 /* WalletDetailRowItemCell.swift */ = {isa = PBXFileReference; fileEncoding = 4; lastKnownFileType = sourcecode.swift; path = WalletDetailRowItemCell.swift; sourceTree = "<group>"; };
		B02DD0C42109701E00D40413 /* TableLoadingView.swift */ = {isa = PBXFileReference; fileEncoding = 4; lastKnownFileType = sourcecode.swift; path = TableLoadingView.swift; sourceTree = "<group>"; };
		B02DD0C52109701E00D40413 /* TransactionTableSectionController.swift */ = {isa = PBXFileReference; fileEncoding = 4; lastKnownFileType = sourcecode.swift; path = TransactionTableSectionController.swift; sourceTree = "<group>"; };
		B02DD0C62109701E00D40413 /* MetadataTitleTableSectionController.swift */ = {isa = PBXFileReference; fileEncoding = 4; lastKnownFileType = sourcecode.swift; path = MetadataTitleTableSectionController.swift; sourceTree = "<group>"; };
		B02DD0C72109701E00D40413 /* UIAlertController.swift */ = {isa = PBXFileReference; fileEncoding = 4; lastKnownFileType = sourcecode.swift; path = UIAlertController.swift; sourceTree = "<group>"; };
		B02DD0C82109701E00D40413 /* MetadataAddressTableSectionController.swift */ = {isa = PBXFileReference; fileEncoding = 4; lastKnownFileType = sourcecode.swift; path = MetadataAddressTableSectionController.swift; sourceTree = "<group>"; };
		B02DD0C92109701E00D40413 /* MetadataTransactionSegmentTableSectionController.swift */ = {isa = PBXFileReference; fileEncoding = 4; lastKnownFileType = sourcecode.swift; path = MetadataTransactionSegmentTableSectionController.swift; sourceTree = "<group>"; };
		B02DD0CA2109701E00D40413 /* ScannerViewController.swift */ = {isa = PBXFileReference; fileEncoding = 4; lastKnownFileType = sourcecode.swift; path = ScannerViewController.swift; sourceTree = "<group>"; };
		B02DD0CB2109701E00D40413 /* WalletExtensions.swift */ = {isa = PBXFileReference; fileEncoding = 4; lastKnownFileType = sourcecode.swift; path = WalletExtensions.swift; sourceTree = "<group>"; };
		B02DD0CC2109701E00D40413 /* WalletControllerFactory.swift */ = {isa = PBXFileReference; fileEncoding = 4; lastKnownFileType = sourcecode.swift; path = WalletControllerFactory.swift; sourceTree = "<group>"; };
		B02DD0CD2109701E00D40413 /* AppDelegate.swift */ = {isa = PBXFileReference; fileEncoding = 4; lastKnownFileType = sourcecode.swift; path = AppDelegate.swift; sourceTree = "<group>"; };
		B02DD0CE2109701E00D40413 /* LoadableProps.swift */ = {isa = PBXFileReference; fileEncoding = 4; lastKnownFileType = sourcecode.swift; path = LoadableProps.swift; sourceTree = "<group>"; };
		B02DD0CF2109701F00D40413 /* TransactionSegmentDetailViewController.swift */ = {isa = PBXFileReference; fileEncoding = 4; lastKnownFileType = sourcecode.swift; path = TransactionSegmentDetailViewController.swift; sourceTree = "<group>"; };
		B02DD0D02109701F00D40413 /* WalletEmptyStateView.swift */ = {isa = PBXFileReference; fileEncoding = 4; lastKnownFileType = sourcecode.swift; path = WalletEmptyStateView.swift; sourceTree = "<group>"; };
		B02DD0D12109701F00D40413 /* Date.swift */ = {isa = PBXFileReference; fileEncoding = 4; lastKnownFileType = sourcecode.swift; path = Date.swift; sourceTree = "<group>"; };
		B02DD0D22109701F00D40413 /* TransactionDetailPresenter.swift */ = {isa = PBXFileReference; fileEncoding = 4; lastKnownFileType = sourcecode.swift; path = TransactionDetailPresenter.swift; sourceTree = "<group>"; };
		B02DD0D32109701F00D40413 /* StyleConstants.swift */ = {isa = PBXFileReference; fileEncoding = 4; lastKnownFileType = sourcecode.swift; path = StyleConstants.swift; sourceTree = "<group>"; };
		B02DD0D42109701F00D40413 /* UIColor.swift */ = {isa = PBXFileReference; fileEncoding = 4; lastKnownFileType = sourcecode.swift; path = UIColor.swift; sourceTree = "<group>"; };
		B02DD0D52109701F00D40413 /* TransactionExtensions.swift */ = {isa = PBXFileReference; fileEncoding = 4; lastKnownFileType = sourcecode.swift; path = TransactionExtensions.swift; sourceTree = "<group>"; };
		B02DD0D62109702000D40413 /* WalletsPresenter.swift */ = {isa = PBXFileReference; fileEncoding = 4; lastKnownFileType = sourcecode.swift; path = WalletsPresenter.swift; sourceTree = "<group>"; };
		B02DD0D72109702000D40413 /* MetadataTableSectionFactory.swift */ = {isa = PBXFileReference; fileEncoding = 4; lastKnownFileType = sourcecode.swift; path = MetadataTableSectionFactory.swift; sourceTree = "<group>"; };
		B02DD0D82109702000D40413 /* WalletDetailViewController.swift */ = {isa = PBXFileReference; fileEncoding = 4; lastKnownFileType = sourcecode.swift; path = WalletDetailViewController.swift; sourceTree = "<group>"; };
		B02DD0DA2109702000D40413 /* PropsUpdating.swift */ = {isa = PBXFileReference; fileEncoding = 4; lastKnownFileType = sourcecode.swift; path = PropsUpdating.swift; sourceTree = "<group>"; };
		B02DD0DB2109702000D40413 /* qr_animation.json */ = {isa = PBXFileReference; fileEncoding = 4; lastKnownFileType = text.json; path = qr_animation.json; sourceTree = "<group>"; };
		B02DD0DC2109702000D40413 /* SectionProxyTableViewController.swift */ = {isa = PBXFileReference; fileEncoding = 4; lastKnownFileType = sourcecode.swift; path = SectionProxyTableViewController.swift; sourceTree = "<group>"; };
		B02DD0DD2109702000D40413 /* String.swift */ = {isa = PBXFileReference; fileEncoding = 4; lastKnownFileType = sourcecode.swift; path = String.swift; sourceTree = "<group>"; };
		B02DD0DE2109702100D40413 /* TransactionDetailViewController.swift */ = {isa = PBXFileReference; fileEncoding = 4; lastKnownFileType = sourcecode.swift; path = TransactionDetailViewController.swift; sourceTree = "<group>"; };
		B02DD10A210971A200D40413 /* WalletCurrency.swift */ = {isa = PBXFileReference; fileEncoding = 4; lastKnownFileType = sourcecode.swift; name = WalletCurrency.swift; path = BlockCypherSwift/WalletCurrency.swift; sourceTree = "<group>"; };
		B02DD10B210971A200D40413 /* Input.swift */ = {isa = PBXFileReference; fileEncoding = 4; lastKnownFileType = sourcecode.swift; name = Input.swift; path = BlockCypherSwift/Input.swift; sourceTree = "<group>"; };
		B02DD10C210971A200D40413 /* UrlFactory.swift */ = {isa = PBXFileReference; fileEncoding = 4; lastKnownFileType = sourcecode.swift; name = UrlFactory.swift; path = BlockCypherSwift/UrlFactory.swift; sourceTree = "<group>"; };
		B02DD10D210971A200D40413 /* Output.swift */ = {isa = PBXFileReference; fileEncoding = 4; lastKnownFileType = sourcecode.swift; name = Output.swift; path = BlockCypherSwift/Output.swift; sourceTree = "<group>"; };
		B02DD10E210971A200D40413 /* JSONDecoder.DateDecodingStrategy.swift */ = {isa = PBXFileReference; fileEncoding = 4; lastKnownFileType = sourcecode.swift; name = JSONDecoder.DateDecodingStrategy.swift; path = BlockCypherSwift/JSONDecoder.DateDecodingStrategy.swift; sourceTree = "<group>"; };
		B02DD10F210971A200D40413 /* Wallet.swift */ = {isa = PBXFileReference; fileEncoding = 4; lastKnownFileType = sourcecode.swift; name = Wallet.swift; path = BlockCypherSwift/Wallet.swift; sourceTree = "<group>"; };
		B02DD110210971A300D40413 /* Transaction.swift */ = {isa = PBXFileReference; fileEncoding = 4; lastKnownFileType = sourcecode.swift; name = Transaction.swift; path = BlockCypherSwift/Transaction.swift; sourceTree = "<group>"; };
		B02DD111210971A300D40413 /* Int.swift */ = {isa = PBXFileReference; fileEncoding = 4; lastKnownFileType = sourcecode.swift; name = Int.swift; path = BlockCypherSwift/Int.swift; sourceTree = "<group>"; };
		B02DD112210971A300D40413 /* WalletService.swift */ = {isa = PBXFileReference; fileEncoding = 4; lastKnownFileType = sourcecode.swift; name = WalletService.swift; path = BlockCypherSwift/WalletService.swift; sourceTree = "<group>"; };
		B0328749210B940500140279 /* MetadataActionTableSectionController.swift */ = {isa = PBXFileReference; lastKnownFileType = sourcecode.swift; path = MetadataActionTableSectionController.swift; sourceTree = "<group>"; };
		B032874B210CD2C700140279 /* OnboardingInformationViewController.swift */ = {isa = PBXFileReference; lastKnownFileType = sourcecode.swift; path = OnboardingInformationViewController.swift; sourceTree = "<group>"; };
		B032874D210CD2EE00140279 /* OnboardItemView.swift */ = {isa = PBXFileReference; lastKnownFileType = sourcecode.swift; path = OnboardItemView.swift; sourceTree = "<group>"; };
		B0943745204919A200AF36D0 /* blockview.app */ = {isa = PBXFileReference; explicitFileType = wrapper.application; includeInIndex = 0; path = blockview.app; sourceTree = BUILT_PRODUCTS_DIR; };
		B0943752204919A200AF36D0 /* Base */ = {isa = PBXFileReference; lastKnownFileType = file.storyboard; name = Base; path = Base.lproj/LaunchScreen.storyboard; sourceTree = "<group>"; };
		B0943754204919A200AF36D0 /* Info.plist */ = {isa = PBXFileReference; lastKnownFileType = text.plist.xml; path = Info.plist; sourceTree = "<group>"; };
		B0943759204919A200AF36D0 /* blockviewTests.xctest */ = {isa = PBXFileReference; explicitFileType = wrapper.cfbundle; includeInIndex = 0; path = blockviewTests.xctest; sourceTree = BUILT_PRODUCTS_DIR; };
		B094375D204919A200AF36D0 /* blockviewTests.swift */ = {isa = PBXFileReference; lastKnownFileType = sourcecode.swift; path = blockviewTests.swift; sourceTree = "<group>"; };
		B094375F204919A200AF36D0 /* Info.plist */ = {isa = PBXFileReference; lastKnownFileType = text.plist.xml; path = Info.plist; sourceTree = "<group>"; };
		B0943764204919A200AF36D0 /* blockviewUITests.xctest */ = {isa = PBXFileReference; explicitFileType = wrapper.cfbundle; includeInIndex = 0; path = blockviewUITests.xctest; sourceTree = BUILT_PRODUCTS_DIR; };
		B0943768204919A200AF36D0 /* blockviewUITests.swift */ = {isa = PBXFileReference; lastKnownFileType = sourcecode.swift; path = blockviewUITests.swift; sourceTree = "<group>"; };
		B094376A204919A200AF36D0 /* Info.plist */ = {isa = PBXFileReference; lastKnownFileType = text.plist.xml; path = Info.plist; sourceTree = "<group>"; };
		B0B78A8D20FBD7AA0012FD05 /* Assets.xcassets */ = {isa = PBXFileReference; lastKnownFileType = folder.assetcatalog; path = Assets.xcassets; sourceTree = "<group>"; };
		B0D9298C210E988800CE89CB /* ConfettiView.swift */ = {isa = PBXFileReference; lastKnownFileType = sourcecode.swift; path = ConfettiView.swift; sourceTree = "<group>"; };
		B0D9298E210E9EA000CE89CB /* DonateView.swift */ = {isa = PBXFileReference; lastKnownFileType = sourcecode.swift; path = DonateView.swift; sourceTree = "<group>"; };
		B0D92990210E9EF000CE89CB /* DonateViewController.swift */ = {isa = PBXFileReference; lastKnownFileType = sourcecode.swift; path = DonateViewController.swift; sourceTree = "<group>"; };
		B0D92992210E9F4E00CE89CB /* ClosureProxy.swift */ = {isa = PBXFileReference; lastKnownFileType = sourcecode.swift; path = ClosureProxy.swift; sourceTree = "<group>"; };
		F03965C361FEDFAD4D29A05A /* Pods-blockviewTests.release.xcconfig */ = {isa = PBXFileReference; includeInIndex = 1; lastKnownFileType = text.xcconfig; name = "Pods-blockviewTests.release.xcconfig"; path = "Pods/Target Support Files/Pods-blockviewTests/Pods-blockviewTests.release.xcconfig"; sourceTree = "<group>"; };
		F1535F4A5D145F5B4C3AD838 /* Pods-blockviewTests.debug.xcconfig */ = {isa = PBXFileReference; includeInIndex = 1; lastKnownFileType = text.xcconfig; name = "Pods-blockviewTests.debug.xcconfig"; path = "Pods/Target Support Files/Pods-blockviewTests/Pods-blockviewTests.debug.xcconfig"; sourceTree = "<group>"; };
/* End PBXFileReference section */

/* Begin PBXFrameworksBuildPhase section */
		B0943742204919A200AF36D0 /* Frameworks */ = {
			isa = PBXFrameworksBuildPhase;
			buildActionMask = 2147483647;
			files = (
				621790FD40245D7D569ECEEA /* Pods_blockview.framework in Frameworks */,
			);
			runOnlyForDeploymentPostprocessing = 0;
		};
		B0943756204919A200AF36D0 /* Frameworks */ = {
			isa = PBXFrameworksBuildPhase;
			buildActionMask = 2147483647;
			files = (
				25D34481CD431083499DA8CD /* Pods_blockviewTests.framework in Frameworks */,
			);
			runOnlyForDeploymentPostprocessing = 0;
		};
		B0943761204919A200AF36D0 /* Frameworks */ = {
			isa = PBXFrameworksBuildPhase;
			buildActionMask = 2147483647;
			files = (
				B999799E11C88AAD22ACB237 /* Pods_blockviewUITests.framework in Frameworks */,
			);
			runOnlyForDeploymentPostprocessing = 0;
		};
/* End PBXFrameworksBuildPhase section */

/* Begin PBXGroup section */
		B0751B41A7C20962B33651D0 /* Frameworks */ = {
			isa = PBXGroup;
			children = (
				33F9953134B00710D7ADBA09 /* Pods_blockview.framework */,
				6AF21F2615D6479527CEDBB6 /* Pods_blockviewTests.framework */,
				1EB8EEAAF2E9CCB2BD8A8D8A /* Pods_blockviewUITests.framework */,
			);
			name = Frameworks;
			sourceTree = "<group>";
		};
		B094373C204919A200AF36D0 = {
			isa = PBXGroup;
			children = (
				B0943747204919A200AF36D0 /* blockview */,
				B094375C204919A200AF36D0 /* blockviewTests */,
				B0943767204919A200AF36D0 /* blockviewUITests */,
				B0943746204919A200AF36D0 /* Products */,
				BE9DB1D07F4F2D5503DF1867 /* Pods */,
				B0751B41A7C20962B33651D0 /* Frameworks */,
			);
			sourceTree = "<group>";
		};
		B0943746204919A200AF36D0 /* Products */ = {
			isa = PBXGroup;
			children = (
				B0943745204919A200AF36D0 /* blockview.app */,
				B0943759204919A200AF36D0 /* blockviewTests.xctest */,
				B0943764204919A200AF36D0 /* blockviewUITests.xctest */,
			);
			name = Products;
			sourceTree = "<group>";
		};
		B0943747204919A200AF36D0 /* blockview */ = {
			isa = PBXGroup;
			children = (
				B0943751204919A200AF36D0 /* LaunchScreen.storyboard */,
				B0943754204919A200AF36D0 /* Info.plist */,
				B0B78A8D20FBD7AA0012FD05 /* Assets.xcassets */,
				B02DD10B210971A200D40413 /* Input.swift */,
				B02DD111210971A300D40413 /* Int.swift */,
				B02DD10E210971A200D40413 /* JSONDecoder.DateDecodingStrategy.swift */,
				B02DD10D210971A200D40413 /* Output.swift */,
				B02DD110210971A300D40413 /* Transaction.swift */,
				B02DD10C210971A200D40413 /* UrlFactory.swift */,
				B02DD10F210971A200D40413 /* Wallet.swift */,
				B02DD10A210971A200D40413 /* WalletCurrency.swift */,
				B02DD112210971A300D40413 /* WalletService.swift */,
				B02DD0CD2109701E00D40413 /* AppDelegate.swift */,
				B02DD0B72109701C00D40413 /* Button.swift */,
				B02DD0D12109701F00D40413 /* Date.swift */,
				B02DD0B82109701D00D40413 /* DateFormatter.swift */,
				B02DD0BD2109701D00D40413 /* DummyData.swift */,
				B02DD0CE2109701E00D40413 /* LoadableProps.swift */,
				B02DD0C82109701E00D40413 /* MetadataAddressTableSectionController.swift */,
				B02DD0D72109702000D40413 /* MetadataTableSectionFactory.swift */,
				B02DD0BB2109701D00D40413 /* MetadataTitleRowItemCell.swift */,
				B02DD0C62109701E00D40413 /* MetadataTitleTableSectionController.swift */,
				B02DD0C92109701E00D40413 /* MetadataTransactionSegmentTableSectionController.swift */,
				B02DD0DA2109702000D40413 /* PropsUpdating.swift */,
				B02DD0DB2109702000D40413 /* qr_animation.json */,
				B02DD0BE2109701D00D40413 /* QRDispalyViewController.swift */,
				B02DD0CA2109701E00D40413 /* ScannerViewController.swift */,
				B02DD0DC2109702000D40413 /* SectionProxyTableViewController.swift */,
				B02DD0DD2109702000D40413 /* String.swift */,
				B02DD0D32109701F00D40413 /* StyleConstants.swift */,
				B02DD0C42109701E00D40413 /* TableLoadingView.swift */,
				B02DD0D52109701F00D40413 /* TransactionExtensions.swift */,
				B02DD0D22109701F00D40413 /* TransactionDetailPresenter.swift */,
				B02DD0DE2109702100D40413 /* TransactionDetailViewController.swift */,
				B02DD0CF2109701F00D40413 /* TransactionSegmentDetailViewController.swift */,
				B02DD0C52109701E00D40413 /* TransactionTableSectionController.swift */,
				B02DD0C72109701E00D40413 /* UIAlertController.swift */,
				B02DD0D42109701F00D40413 /* UIColor.swift */,
				B02DD0CB2109701E00D40413 /* WalletExtensions.swift */,
				B02DD0CC2109701E00D40413 /* WalletControllerFactory.swift */,
				B02DD0C12109701D00D40413 /* WalletCoordinator.swift */,
				B02DD0BC2109701D00D40413 /* WalletDetailHeaderView.swift */,
				B02DD0C02109701D00D40413 /* WalletDetailPresenter.swift */,
				B02DD0C32109701D00D40413 /* WalletDetailRowItemCell.swift */,
				B02DD0C22109701D00D40413 /* WalletDetailShowMoreResultsFooterView.swift */,
				B02DD0D82109702000D40413 /* WalletDetailViewController.swift */,
				B02DD0D02109701F00D40413 /* WalletEmptyStateView.swift */,
				B02DD0BA2109701D00D40413 /* WalletRowCell.swift */,
				B02DD0B92109701D00D40413 /* WalletSectionHeader.swift */,
				B02DD0D62109702000D40413 /* WalletsPresenter.swift */,
				B02DD0BF2109701D00D40413 /* WalletsViewController.swift */,
				B0328749210B940500140279 /* MetadataActionTableSectionController.swift */,
				B032874B210CD2C700140279 /* OnboardingInformationViewController.swift */,
				B032874D210CD2EE00140279 /* OnboardItemView.swift */,
				B0D9298C210E988800CE89CB /* ConfettiView.swift */,
				B0D9298E210E9EA000CE89CB /* DonateView.swift */,
				B0D92990210E9EF000CE89CB /* DonateViewController.swift */,
				B0D92992210E9F4E00CE89CB /* ClosureProxy.swift */,
			);
			path = blockview;
			sourceTree = "<group>";
		};
		B094375C204919A200AF36D0 /* blockviewTests */ = {
			isa = PBXGroup;
			children = (
				B094375D204919A200AF36D0 /* blockviewTests.swift */,
				B094375F204919A200AF36D0 /* Info.plist */,
			);
			path = blockviewTests;
			sourceTree = "<group>";
		};
		B0943767204919A200AF36D0 /* blockviewUITests */ = {
			isa = PBXGroup;
			children = (
				B0943768204919A200AF36D0 /* blockviewUITests.swift */,
				B094376A204919A200AF36D0 /* Info.plist */,
			);
			path = blockviewUITests;
			sourceTree = "<group>";
		};
		BE9DB1D07F4F2D5503DF1867 /* Pods */ = {
			isa = PBXGroup;
			children = (
				50647ED5B2022790858F90FE /* Pods-blockview.debug.xcconfig */,
				3413BE8C2A4A0E68274F73EF /* Pods-blockview.release.xcconfig */,
				F1535F4A5D145F5B4C3AD838 /* Pods-blockviewTests.debug.xcconfig */,
				F03965C361FEDFAD4D29A05A /* Pods-blockviewTests.release.xcconfig */,
				66B81A9A00A574E66C8E868F /* Pods-blockviewUITests.debug.xcconfig */,
				1B8A6DD3B55B1DD7A4843222 /* Pods-blockviewUITests.release.xcconfig */,
			);
			name = Pods;
			sourceTree = "<group>";
		};
/* End PBXGroup section */

/* Begin PBXNativeTarget section */
		B0943744204919A200AF36D0 /* blockview */ = {
			isa = PBXNativeTarget;
			buildConfigurationList = B094376D204919A200AF36D0 /* Build configuration list for PBXNativeTarget "blockview" */;
			buildPhases = (
				FC94B6DA0617D47BCF11DBA1 /* [CP] Check Pods Manifest.lock */,
				B0943741204919A200AF36D0 /* Sources */,
				B0943742204919A200AF36D0 /* Frameworks */,
				B0943743204919A200AF36D0 /* Resources */,
				45FC14A4F476372DE1BD75E5 /* [CP] Embed Pods Frameworks */,
			);
			buildRules = (
			);
			dependencies = (
			);
			name = blockview;
			productName = blockview;
			productReference = B0943745204919A200AF36D0 /* blockview.app */;
			productType = "com.apple.product-type.application";
		};
		B0943758204919A200AF36D0 /* blockviewTests */ = {
			isa = PBXNativeTarget;
			buildConfigurationList = B0943770204919A200AF36D0 /* Build configuration list for PBXNativeTarget "blockviewTests" */;
			buildPhases = (
				86389D8EE9FB8B626B20D296 /* [CP] Check Pods Manifest.lock */,
				B0943755204919A200AF36D0 /* Sources */,
				B0943756204919A200AF36D0 /* Frameworks */,
				B0943757204919A200AF36D0 /* Resources */,
			);
			buildRules = (
			);
			dependencies = (
				B094375B204919A200AF36D0 /* PBXTargetDependency */,
			);
			name = blockviewTests;
			productName = blockviewTests;
			productReference = B0943759204919A200AF36D0 /* blockviewTests.xctest */;
			productType = "com.apple.product-type.bundle.unit-test";
		};
		B0943763204919A200AF36D0 /* blockviewUITests */ = {
			isa = PBXNativeTarget;
			buildConfigurationList = B0943773204919A200AF36D0 /* Build configuration list for PBXNativeTarget "blockviewUITests" */;
			buildPhases = (
				925DEE4093C4959229A4E27E /* [CP] Check Pods Manifest.lock */,
				B0943760204919A200AF36D0 /* Sources */,
				B0943761204919A200AF36D0 /* Frameworks */,
				B0943762204919A200AF36D0 /* Resources */,
			);
			buildRules = (
			);
			dependencies = (
				B0943766204919A200AF36D0 /* PBXTargetDependency */,
			);
			name = blockviewUITests;
			productName = blockviewUITests;
			productReference = B0943764204919A200AF36D0 /* blockviewUITests.xctest */;
			productType = "com.apple.product-type.bundle.ui-testing";
		};
/* End PBXNativeTarget section */

/* Begin PBXProject section */
		B094373D204919A200AF36D0 /* Project object */ = {
			isa = PBXProject;
			attributes = {
				LastSwiftUpdateCheck = 0920;
				LastUpgradeCheck = 0920;
				ORGANIZATIONNAME = "Alexander Murphy";
				TargetAttributes = {
					B0943744204919A200AF36D0 = {
						CreatedOnToolsVersion = 9.2;
						LastSwiftMigration = 0930;
						ProvisioningStyle = Automatic;
					};
					B0943758204919A200AF36D0 = {
						CreatedOnToolsVersion = 9.2;
						ProvisioningStyle = Automatic;
						TestTargetID = B0943744204919A200AF36D0;
					};
					B0943763204919A200AF36D0 = {
						CreatedOnToolsVersion = 9.2;
						ProvisioningStyle = Automatic;
						TestTargetID = B0943744204919A200AF36D0;
					};
				};
			};
			buildConfigurationList = B0943740204919A200AF36D0 /* Build configuration list for PBXProject "blockview" */;
			compatibilityVersion = "Xcode 8.0";
			developmentRegion = en;
			hasScannedForEncodings = 0;
			knownRegions = (
				en,
				Base,
			);
			mainGroup = B094373C204919A200AF36D0;
			productRefGroup = B0943746204919A200AF36D0 /* Products */;
			projectDirPath = "";
			projectRoot = "";
			targets = (
				B0943744204919A200AF36D0 /* blockview */,
				B0943758204919A200AF36D0 /* blockviewTests */,
				B0943763204919A200AF36D0 /* blockviewUITests */,
			);
		};
/* End PBXProject section */

/* Begin PBXResourcesBuildPhase section */
		B0943743204919A200AF36D0 /* Resources */ = {
			isa = PBXResourcesBuildPhase;
			buildActionMask = 2147483647;
			files = (
				B0943753204919A200AF36D0 /* LaunchScreen.storyboard in Resources */,
				B0B78A8E20FBD7AA0012FD05 /* Assets.xcassets in Resources */,
				B02DD1032109702100D40413 /* qr_animation.json in Resources */,
			);
			runOnlyForDeploymentPostprocessing = 0;
		};
		B0943757204919A200AF36D0 /* Resources */ = {
			isa = PBXResourcesBuildPhase;
			buildActionMask = 2147483647;
			files = (
			);
			runOnlyForDeploymentPostprocessing = 0;
		};
		B0943762204919A200AF36D0 /* Resources */ = {
			isa = PBXResourcesBuildPhase;
			buildActionMask = 2147483647;
			files = (
			);
			runOnlyForDeploymentPostprocessing = 0;
		};
/* End PBXResourcesBuildPhase section */

/* Begin PBXShellScriptBuildPhase section */
		45FC14A4F476372DE1BD75E5 /* [CP] Embed Pods Frameworks */ = {
			isa = PBXShellScriptBuildPhase;
			buildActionMask = 2147483647;
			files = (
			);
			inputPaths = (
				"${SRCROOT}/Pods/Target Support Files/Pods-blockview/Pods-blockview-frameworks.sh",
				"${BUILT_PRODUCTS_DIR}/Anchorage/Anchorage.framework",
				"${BUILT_PRODUCTS_DIR}/FontAwesome.swift/FontAwesome_swift.framework",
				"${BUILT_PRODUCTS_DIR}/HydraAsync/Hydra.framework",
				"${BUILT_PRODUCTS_DIR}/QRCode/QRCode.framework",
				"${BUILT_PRODUCTS_DIR}/Result/Result.framework",
				"${BUILT_PRODUCTS_DIR}/lottie-ios/Lottie.framework",
			);
			name = "[CP] Embed Pods Frameworks";
			outputPaths = (
				"${TARGET_BUILD_DIR}/${FRAMEWORKS_FOLDER_PATH}/Anchorage.framework",
				"${TARGET_BUILD_DIR}/${FRAMEWORKS_FOLDER_PATH}/FontAwesome_swift.framework",
				"${TARGET_BUILD_DIR}/${FRAMEWORKS_FOLDER_PATH}/Hydra.framework",
				"${TARGET_BUILD_DIR}/${FRAMEWORKS_FOLDER_PATH}/QRCode.framework",
				"${TARGET_BUILD_DIR}/${FRAMEWORKS_FOLDER_PATH}/Result.framework",
				"${TARGET_BUILD_DIR}/${FRAMEWORKS_FOLDER_PATH}/Lottie.framework",
			);
			runOnlyForDeploymentPostprocessing = 0;
			shellPath = /bin/sh;
			shellScript = "\"${SRCROOT}/Pods/Target Support Files/Pods-blockview/Pods-blockview-frameworks.sh\"\n";
			showEnvVarsInLog = 0;
		};
		86389D8EE9FB8B626B20D296 /* [CP] Check Pods Manifest.lock */ = {
			isa = PBXShellScriptBuildPhase;
			buildActionMask = 2147483647;
			files = (
			);
			inputPaths = (
				"${PODS_PODFILE_DIR_PATH}/Podfile.lock",
				"${PODS_ROOT}/Manifest.lock",
			);
			name = "[CP] Check Pods Manifest.lock";
			outputPaths = (
				"$(DERIVED_FILE_DIR)/Pods-blockviewTests-checkManifestLockResult.txt",
			);
			runOnlyForDeploymentPostprocessing = 0;
			shellPath = /bin/sh;
			shellScript = "diff \"${PODS_PODFILE_DIR_PATH}/Podfile.lock\" \"${PODS_ROOT}/Manifest.lock\" > /dev/null\nif [ $? != 0 ] ; then\n    # print error to STDERR\n    echo \"error: The sandbox is not in sync with the Podfile.lock. Run 'pod install' or update your CocoaPods installation.\" >&2\n    exit 1\nfi\n# This output is used by Xcode 'outputs' to avoid re-running this script phase.\necho \"SUCCESS\" > \"${SCRIPT_OUTPUT_FILE_0}\"\n";
			showEnvVarsInLog = 0;
		};
		925DEE4093C4959229A4E27E /* [CP] Check Pods Manifest.lock */ = {
			isa = PBXShellScriptBuildPhase;
			buildActionMask = 2147483647;
			files = (
			);
			inputPaths = (
				"${PODS_PODFILE_DIR_PATH}/Podfile.lock",
				"${PODS_ROOT}/Manifest.lock",
			);
			name = "[CP] Check Pods Manifest.lock";
			outputPaths = (
				"$(DERIVED_FILE_DIR)/Pods-blockviewUITests-checkManifestLockResult.txt",
			);
			runOnlyForDeploymentPostprocessing = 0;
			shellPath = /bin/sh;
			shellScript = "diff \"${PODS_PODFILE_DIR_PATH}/Podfile.lock\" \"${PODS_ROOT}/Manifest.lock\" > /dev/null\nif [ $? != 0 ] ; then\n    # print error to STDERR\n    echo \"error: The sandbox is not in sync with the Podfile.lock. Run 'pod install' or update your CocoaPods installation.\" >&2\n    exit 1\nfi\n# This output is used by Xcode 'outputs' to avoid re-running this script phase.\necho \"SUCCESS\" > \"${SCRIPT_OUTPUT_FILE_0}\"\n";
			showEnvVarsInLog = 0;
		};
		FC94B6DA0617D47BCF11DBA1 /* [CP] Check Pods Manifest.lock */ = {
			isa = PBXShellScriptBuildPhase;
			buildActionMask = 2147483647;
			files = (
			);
			inputPaths = (
				"${PODS_PODFILE_DIR_PATH}/Podfile.lock",
				"${PODS_ROOT}/Manifest.lock",
			);
			name = "[CP] Check Pods Manifest.lock";
			outputPaths = (
				"$(DERIVED_FILE_DIR)/Pods-blockview-checkManifestLockResult.txt",
			);
			runOnlyForDeploymentPostprocessing = 0;
			shellPath = /bin/sh;
			shellScript = "diff \"${PODS_PODFILE_DIR_PATH}/Podfile.lock\" \"${PODS_ROOT}/Manifest.lock\" > /dev/null\nif [ $? != 0 ] ; then\n    # print error to STDERR\n    echo \"error: The sandbox is not in sync with the Podfile.lock. Run 'pod install' or update your CocoaPods installation.\" >&2\n    exit 1\nfi\n# This output is used by Xcode 'outputs' to avoid re-running this script phase.\necho \"SUCCESS\" > \"${SCRIPT_OUTPUT_FILE_0}\"\n";
			showEnvVarsInLog = 0;
		};
/* End PBXShellScriptBuildPhase section */

/* Begin PBXSourcesBuildPhase section */
		B0943741204919A200AF36D0 /* Sources */ = {
			isa = PBXSourcesBuildPhase;
			buildActionMask = 2147483647;
			files = (
				B02DD1052109702100D40413 /* String.swift in Sources */,
				B02DD0E62109702100D40413 /* QRDispalyViewController.swift in Sources */,
				B02DD0EB2109702100D40413 /* WalletDetailRowItemCell.swift in Sources */,
				B02DD0E32109702100D40413 /* MetadataTitleRowItemCell.swift in Sources */,
				B02DD0F22109702100D40413 /* ScannerViewController.swift in Sources */,
				B02DD0F72109702100D40413 /* TransactionSegmentDetailViewController.swift in Sources */,
				B02DD0FE2109702100D40413 /* WalletsPresenter.swift in Sources */,
				B02DD0EA2109702100D40413 /* WalletDetailShowMoreResultsFooterView.swift in Sources */,
				B02DD0E82109702100D40413 /* WalletDetailPresenter.swift in Sources */,
				B02DD0E12109702100D40413 /* WalletSectionHeader.swift in Sources */,
				B0D92991210E9EF000CE89CB /* DonateViewController.swift in Sources */,
				B02DD114210971A300D40413 /* Input.swift in Sources */,
				B032874C210CD2C700140279 /* OnboardingInformationViewController.swift in Sources */,
				B02DD0E02109702100D40413 /* DateFormatter.swift in Sources */,
				B0D9298F210E9EA000CE89CB /* DonateView.swift in Sources */,
				B02DD11A210971A300D40413 /* Int.swift in Sources */,
				B02DD0ED2109702100D40413 /* TransactionTableSectionController.swift in Sources */,
				B02DD0EE2109702100D40413 /* MetadataTitleTableSectionController.swift in Sources */,
				B02DD119210971A300D40413 /* Transaction.swift in Sources */,
				B02DD0E52109702100D40413 /* DummyData.swift in Sources */,
				B02DD118210971A300D40413 /* Wallet.swift in Sources */,
				B02DD0EC2109702100D40413 /* TableLoadingView.swift in Sources */,
				B02DD0F82109702100D40413 /* WalletEmptyStateView.swift in Sources */,
				B02DD0DF2109702100D40413 /* Button.swift in Sources */,
				B032874A210B940500140279 /* MetadataActionTableSectionController.swift in Sources */,
				B02DD0F02109702100D40413 /* MetadataAddressTableSectionController.swift in Sources */,
				B02DD0E72109702100D40413 /* WalletsViewController.swift in Sources */,
				B02DD0F32109702100D40413 /* WalletExtensions.swift in Sources */,
				B02DD117210971A300D40413 /* JSONDecoder.DateDecodingStrategy.swift in Sources */,
				B02DD0FB2109702100D40413 /* StyleConstants.swift in Sources */,
				B02DD116210971A300D40413 /* Output.swift in Sources */,
				B02DD0FC2109702100D40413 /* UIColor.swift in Sources */,
				B02DD1062109702100D40413 /* TransactionDetailViewController.swift in Sources */,
				B02DD1042109702100D40413 /* SectionProxyTableViewController.swift in Sources */,
				B02DD0E22109702100D40413 /* WalletRowCell.swift in Sources */,
				B02DD0FD2109702100D40413 /* TransactionExtensions.swift in Sources */,
				B02DD0E42109702100D40413 /* WalletDetailHeaderView.swift in Sources */,
				B02DD113210971A300D40413 /* WalletCurrency.swift in Sources */,
				B02DD0FA2109702100D40413 /* TransactionDetailPresenter.swift in Sources */,
				B02DD0FF2109702100D40413 /* MetadataTableSectionFactory.swift in Sources */,
				B02DD1002109702100D40413 /* WalletDetailViewController.swift in Sources */,
				B02DD0F12109702100D40413 /* MetadataTransactionSegmentTableSectionController.swift in Sources */,
				B02DD0E92109702100D40413 /* WalletCoordinator.swift in Sources */,
				B02DD11B210971A300D40413 /* WalletService.swift in Sources */,
				B0D9298D210E988800CE89CB /* ConfettiView.swift in Sources */,
				B02DD0EF2109702100D40413 /* UIAlertController.swift in Sources */,
				B02DD115210971A300D40413 /* UrlFactory.swift in Sources */,
				B02DD0F42109702100D40413 /* WalletControllerFactory.swift in Sources */,
				B02DD0F62109702100D40413 /* LoadableProps.swift in Sources */,
				B02DD0F92109702100D40413 /* Date.swift in Sources */,
				B0D92993210E9F4E00CE89CB /* ClosureProxy.swift in Sources */,
				B02DD1022109702100D40413 /* PropsUpdating.swift in Sources */,
				B02DD0F52109702100D40413 /* AppDelegate.swift in Sources */,
				B032874E210CD2EE00140279 /* OnboardItemView.swift in Sources */,
			);
			runOnlyForDeploymentPostprocessing = 0;
		};
		B0943755204919A200AF36D0 /* Sources */ = {
			isa = PBXSourcesBuildPhase;
			buildActionMask = 2147483647;
			files = (
				B094375E204919A200AF36D0 /* blockviewTests.swift in Sources */,
			);
			runOnlyForDeploymentPostprocessing = 0;
		};
		B0943760204919A200AF36D0 /* Sources */ = {
			isa = PBXSourcesBuildPhase;
			buildActionMask = 2147483647;
			files = (
				B0943769204919A200AF36D0 /* blockviewUITests.swift in Sources */,
			);
			runOnlyForDeploymentPostprocessing = 0;
		};
/* End PBXSourcesBuildPhase section */

/* Begin PBXTargetDependency section */
		B094375B204919A200AF36D0 /* PBXTargetDependency */ = {
			isa = PBXTargetDependency;
			target = B0943744204919A200AF36D0 /* blockview */;
			targetProxy = B094375A204919A200AF36D0 /* PBXContainerItemProxy */;
		};
		B0943766204919A200AF36D0 /* PBXTargetDependency */ = {
			isa = PBXTargetDependency;
			target = B0943744204919A200AF36D0 /* blockview */;
			targetProxy = B0943765204919A200AF36D0 /* PBXContainerItemProxy */;
		};
/* End PBXTargetDependency section */

/* Begin PBXVariantGroup section */
		B0943751204919A200AF36D0 /* LaunchScreen.storyboard */ = {
			isa = PBXVariantGroup;
			children = (
				B0943752204919A200AF36D0 /* Base */,
			);
			name = LaunchScreen.storyboard;
			sourceTree = "<group>";
		};
/* End PBXVariantGroup section */

/* Begin XCBuildConfiguration section */
		B094376B204919A200AF36D0 /* Debug */ = {
			isa = XCBuildConfiguration;
			buildSettings = {
				ALWAYS_SEARCH_USER_PATHS = NO;
				CLANG_ANALYZER_NONNULL = YES;
				CLANG_ANALYZER_NUMBER_OBJECT_CONVERSION = YES_AGGRESSIVE;
				CLANG_CXX_LANGUAGE_STANDARD = "gnu++14";
				CLANG_CXX_LIBRARY = "libc++";
				CLANG_ENABLE_MODULES = YES;
				CLANG_ENABLE_OBJC_ARC = YES;
				CLANG_WARN_BLOCK_CAPTURE_AUTORELEASING = YES;
				CLANG_WARN_BOOL_CONVERSION = YES;
				CLANG_WARN_COMMA = YES;
				CLANG_WARN_CONSTANT_CONVERSION = YES;
				CLANG_WARN_DIRECT_OBJC_ISA_USAGE = YES_ERROR;
				CLANG_WARN_DOCUMENTATION_COMMENTS = YES;
				CLANG_WARN_EMPTY_BODY = YES;
				CLANG_WARN_ENUM_CONVERSION = YES;
				CLANG_WARN_INFINITE_RECURSION = YES;
				CLANG_WARN_INT_CONVERSION = YES;
				CLANG_WARN_NON_LITERAL_NULL_CONVERSION = YES;
				CLANG_WARN_OBJC_LITERAL_CONVERSION = YES;
				CLANG_WARN_OBJC_ROOT_CLASS = YES_ERROR;
				CLANG_WARN_RANGE_LOOP_ANALYSIS = YES;
				CLANG_WARN_STRICT_PROTOTYPES = YES;
				CLANG_WARN_SUSPICIOUS_MOVE = YES;
				CLANG_WARN_UNGUARDED_AVAILABILITY = YES_AGGRESSIVE;
				CLANG_WARN_UNREACHABLE_CODE = YES;
				CLANG_WARN__DUPLICATE_METHOD_MATCH = YES;
				CODE_SIGN_IDENTITY = "iPhone Developer";
				COPY_PHASE_STRIP = NO;
				DEBUG_INFORMATION_FORMAT = dwarf;
				ENABLE_STRICT_OBJC_MSGSEND = YES;
				ENABLE_TESTABILITY = YES;
				GCC_C_LANGUAGE_STANDARD = gnu11;
				GCC_DYNAMIC_NO_PIC = NO;
				GCC_NO_COMMON_BLOCKS = YES;
				GCC_OPTIMIZATION_LEVEL = 0;
				GCC_PREPROCESSOR_DEFINITIONS = (
					"DEBUG=1",
					"$(inherited)",
				);
				GCC_WARN_64_TO_32_BIT_CONVERSION = YES;
				GCC_WARN_ABOUT_RETURN_TYPE = YES_ERROR;
				GCC_WARN_UNDECLARED_SELECTOR = YES;
				GCC_WARN_UNINITIALIZED_AUTOS = YES_AGGRESSIVE;
				GCC_WARN_UNUSED_FUNCTION = YES;
				GCC_WARN_UNUSED_VARIABLE = YES;
				IPHONEOS_DEPLOYMENT_TARGET = 11.2;
				MTL_ENABLE_DEBUG_INFO = YES;
				ONLY_ACTIVE_ARCH = YES;
				SDKROOT = iphoneos;
				SWIFT_ACTIVE_COMPILATION_CONDITIONS = DEBUG;
				SWIFT_OPTIMIZATION_LEVEL = "-Onone";
			};
			name = Debug;
		};
		B094376C204919A200AF36D0 /* Release */ = {
			isa = XCBuildConfiguration;
			buildSettings = {
				ALWAYS_SEARCH_USER_PATHS = NO;
				CLANG_ANALYZER_NONNULL = YES;
				CLANG_ANALYZER_NUMBER_OBJECT_CONVERSION = YES_AGGRESSIVE;
				CLANG_CXX_LANGUAGE_STANDARD = "gnu++14";
				CLANG_CXX_LIBRARY = "libc++";
				CLANG_ENABLE_MODULES = YES;
				CLANG_ENABLE_OBJC_ARC = YES;
				CLANG_WARN_BLOCK_CAPTURE_AUTORELEASING = YES;
				CLANG_WARN_BOOL_CONVERSION = YES;
				CLANG_WARN_COMMA = YES;
				CLANG_WARN_CONSTANT_CONVERSION = YES;
				CLANG_WARN_DIRECT_OBJC_ISA_USAGE = YES_ERROR;
				CLANG_WARN_DOCUMENTATION_COMMENTS = YES;
				CLANG_WARN_EMPTY_BODY = YES;
				CLANG_WARN_ENUM_CONVERSION = YES;
				CLANG_WARN_INFINITE_RECURSION = YES;
				CLANG_WARN_INT_CONVERSION = YES;
				CLANG_WARN_NON_LITERAL_NULL_CONVERSION = YES;
				CLANG_WARN_OBJC_LITERAL_CONVERSION = YES;
				CLANG_WARN_OBJC_ROOT_CLASS = YES_ERROR;
				CLANG_WARN_RANGE_LOOP_ANALYSIS = YES;
				CLANG_WARN_STRICT_PROTOTYPES = YES;
				CLANG_WARN_SUSPICIOUS_MOVE = YES;
				CLANG_WARN_UNGUARDED_AVAILABILITY = YES_AGGRESSIVE;
				CLANG_WARN_UNREACHABLE_CODE = YES;
				CLANG_WARN__DUPLICATE_METHOD_MATCH = YES;
				CODE_SIGN_IDENTITY = "iPhone Developer";
				COPY_PHASE_STRIP = NO;
				DEBUG_INFORMATION_FORMAT = "dwarf-with-dsym";
				ENABLE_NS_ASSERTIONS = NO;
				ENABLE_STRICT_OBJC_MSGSEND = YES;
				GCC_C_LANGUAGE_STANDARD = gnu11;
				GCC_NO_COMMON_BLOCKS = YES;
				GCC_WARN_64_TO_32_BIT_CONVERSION = YES;
				GCC_WARN_ABOUT_RETURN_TYPE = YES_ERROR;
				GCC_WARN_UNDECLARED_SELECTOR = YES;
				GCC_WARN_UNINITIALIZED_AUTOS = YES_AGGRESSIVE;
				GCC_WARN_UNUSED_FUNCTION = YES;
				GCC_WARN_UNUSED_VARIABLE = YES;
				IPHONEOS_DEPLOYMENT_TARGET = 11.2;
				MTL_ENABLE_DEBUG_INFO = NO;
				SDKROOT = iphoneos;
				SWIFT_OPTIMIZATION_LEVEL = "-Owholemodule";
				VALIDATE_PRODUCT = YES;
			};
			name = Release;
		};
		B094376E204919A200AF36D0 /* Debug */ = {
			isa = XCBuildConfiguration;
			baseConfigurationReference = 50647ED5B2022790858F90FE /* Pods-blockview.debug.xcconfig */;
			buildSettings = {
				ASSETCATALOG_COMPILER_APPICON_NAME = AppIcon;
				CLANG_ENABLE_MODULES = YES;
				CODE_SIGN_STYLE = Automatic;
				DEVELOPMENT_TEAM = 9L49SS68XP;
				INFOPLIST_FILE = blockview/Info.plist;
				LD_RUNPATH_SEARCH_PATHS = "$(inherited) @executable_path/Frameworks";
				PRODUCT_BUNDLE_IDENTIFIER = thexande.blockview;
				PRODUCT_NAME = "$(TARGET_NAME)";
				SWIFT_OPTIMIZATION_LEVEL = "-Onone";
				SWIFT_VERSION = 4.0;
				TARGETED_DEVICE_FAMILY = "1,2";
			};
			name = Debug;
		};
		B094376F204919A200AF36D0 /* Release */ = {
			isa = XCBuildConfiguration;
			baseConfigurationReference = 3413BE8C2A4A0E68274F73EF /* Pods-blockview.release.xcconfig */;
			buildSettings = {
				ASSETCATALOG_COMPILER_APPICON_NAME = AppIcon;
				CLANG_ENABLE_MODULES = YES;
				CODE_SIGN_STYLE = Automatic;
				DEVELOPMENT_TEAM = 9L49SS68XP;
				INFOPLIST_FILE = blockview/Info.plist;
				LD_RUNPATH_SEARCH_PATHS = "$(inherited) @executable_path/Frameworks";
				PRODUCT_BUNDLE_IDENTIFIER = thexande.blockview;
				PRODUCT_NAME = "$(TARGET_NAME)";
				SWIFT_VERSION = 4.0;
				TARGETED_DEVICE_FAMILY = "1,2";
			};
			name = Release;
		};
		B0943771204919A200AF36D0 /* Debug */ = {
			isa = XCBuildConfiguration;
			baseConfigurationReference = F1535F4A5D145F5B4C3AD838 /* Pods-blockviewTests.debug.xcconfig */;
			buildSettings = {
				ALWAYS_EMBED_SWIFT_STANDARD_LIBRARIES = YES;
				BUNDLE_LOADER = "$(TEST_HOST)";
				CODE_SIGN_STYLE = Automatic;
				DEVELOPMENT_TEAM = 9L49SS68XP;
				INFOPLIST_FILE = blockviewTests/Info.plist;
				LD_RUNPATH_SEARCH_PATHS = "$(inherited) @executable_path/Frameworks @loader_path/Frameworks";
				PRODUCT_BUNDLE_IDENTIFIER = thexande.blockviewTests;
				PRODUCT_NAME = "$(TARGET_NAME)";
				SWIFT_VERSION = 4.0;
				TARGETED_DEVICE_FAMILY = "1,2";
				TEST_HOST = "$(BUILT_PRODUCTS_DIR)/blockview.app/blockview";
			};
			name = Debug;
		};
		B0943772204919A200AF36D0 /* Release */ = {
			isa = XCBuildConfiguration;
			baseConfigurationReference = F03965C361FEDFAD4D29A05A /* Pods-blockviewTests.release.xcconfig */;
			buildSettings = {
				ALWAYS_EMBED_SWIFT_STANDARD_LIBRARIES = YES;
				BUNDLE_LOADER = "$(TEST_HOST)";
				CODE_SIGN_STYLE = Automatic;
				DEVELOPMENT_TEAM = 9L49SS68XP;
				INFOPLIST_FILE = blockviewTests/Info.plist;
				LD_RUNPATH_SEARCH_PATHS = "$(inherited) @executable_path/Frameworks @loader_path/Frameworks";
				PRODUCT_BUNDLE_IDENTIFIER = thexande.blockviewTests;
				PRODUCT_NAME = "$(TARGET_NAME)";
				SWIFT_VERSION = 4.0;
				TARGETED_DEVICE_FAMILY = "1,2";
				TEST_HOST = "$(BUILT_PRODUCTS_DIR)/blockview.app/blockview";
			};
			name = Release;
		};
		B0943774204919A200AF36D0 /* Debug */ = {
			isa = XCBuildConfiguration;
			baseConfigurationReference = 66B81A9A00A574E66C8E868F /* Pods-blockviewUITests.debug.xcconfig */;
			buildSettings = {
				ALWAYS_EMBED_SWIFT_STANDARD_LIBRARIES = YES;
				CODE_SIGN_STYLE = Automatic;
				DEVELOPMENT_TEAM = 9L49SS68XP;
				INFOPLIST_FILE = blockviewUITests/Info.plist;
				LD_RUNPATH_SEARCH_PATHS = "$(inherited) @executable_path/Frameworks @loader_path/Frameworks";
				PRODUCT_BUNDLE_IDENTIFIER = thexande.blockviewUITests;
				PRODUCT_NAME = "$(TARGET_NAME)";
				SWIFT_VERSION = 4.0;
				TARGETED_DEVICE_FAMILY = "1,2";
				TEST_TARGET_NAME = blockview;
			};
			name = Debug;
		};
		B0943775204919A200AF36D0 /* Release */ = {
			isa = XCBuildConfiguration;
			baseConfigurationReference = 1B8A6DD3B55B1DD7A4843222 /* Pods-blockviewUITests.release.xcconfig */;
			buildSettings = {
				ALWAYS_EMBED_SWIFT_STANDARD_LIBRARIES = YES;
				CODE_SIGN_STYLE = Automatic;
				DEVELOPMENT_TEAM = 9L49SS68XP;
				INFOPLIST_FILE = blockviewUITests/Info.plist;
				LD_RUNPATH_SEARCH_PATHS = "$(inherited) @executable_path/Frameworks @loader_path/Frameworks";
				PRODUCT_BUNDLE_IDENTIFIER = thexande.blockviewUITests;
				PRODUCT_NAME = "$(TARGET_NAME)";
				SWIFT_VERSION = 4.0;
				TARGETED_DEVICE_FAMILY = "1,2";
				TEST_TARGET_NAME = blockview;
			};
			name = Release;
		};
/* End XCBuildConfiguration section */

/* Begin XCConfigurationList section */
		B0943740204919A200AF36D0 /* Build configuration list for PBXProject "blockview" */ = {
			isa = XCConfigurationList;
			buildConfigurations = (
				B094376B204919A200AF36D0 /* Debug */,
				B094376C204919A200AF36D0 /* Release */,
			);
			defaultConfigurationIsVisible = 0;
			defaultConfigurationName = Release;
		};
		B094376D204919A200AF36D0 /* Build configuration list for PBXNativeTarget "blockview" */ = {
			isa = XCConfigurationList;
			buildConfigurations = (
				B094376E204919A200AF36D0 /* Debug */,
				B094376F204919A200AF36D0 /* Release */,
			);
			defaultConfigurationIsVisible = 0;
			defaultConfigurationName = Release;
		};
		B0943770204919A200AF36D0 /* Build configuration list for PBXNativeTarget "blockviewTests" */ = {
			isa = XCConfigurationList;
			buildConfigurations = (
				B0943771204919A200AF36D0 /* Debug */,
				B0943772204919A200AF36D0 /* Release */,
			);
			defaultConfigurationIsVisible = 0;
			defaultConfigurationName = Release;
		};
		B0943773204919A200AF36D0 /* Build configuration list for PBXNativeTarget "blockviewUITests" */ = {
			isa = XCConfigurationList;
			buildConfigurations = (
				B0943774204919A200AF36D0 /* Debug */,
				B0943775204919A200AF36D0 /* Release */,
			);
			defaultConfigurationIsVisible = 0;
			defaultConfigurationName = Release;
		};
/* End XCConfigurationList section */
	};
	rootObject = B094373D204919A200AF36D0 /* Project object */;
}
