PODS:
  - Anchorage (4.2.4)
  - FontAwesome.swift (1.3.2)
  - HydraAsync (1.2.1)
  - lottie-ios (2.5.0)
  - QRCode (2.0)
  - Result (4.0.0)

DEPENDENCIES:
  - Anchorage
  - FontAwesome.swift
  - HydraAsync
  - lottie-ios
  - QRCode
  - Result

SPEC REPOS:
  https://github.com/cocoapods/specs.git:
    - Anchorage
    - FontAwesome.swift
    - HydraAsync
    - lottie-ios
    - QRCode
    - Result

SPEC CHECKSUMS:
  Anchorage: f855157310859280c706cc0b9c9281c21702f515
  FontAwesome.swift: b4e4c8ccbbecb12f9b592bc533ff237af3706667
  HydraAsync: 8f2ab62d57e140b4ca587ae0f66e1eb04e8e6965
  lottie-ios: d699fdee68d7b63e721d949388b015fef1aaa4ac
  QRCode: f98a1886c8f37523704a7512a4c0cd45b34c18a4
  Result: 7645bb3f50c2ce726dd0ff2fa7b6f42bbe6c3713

PODFILE CHECKSUM: 4f72a9c2deb75b1ee1d1c1e332eeef8a3c3f59ed

COCOAPODS: 1.5.3
